// !$*UTF8*$!
{
	archiveVersion = 1;
	classes = {
	};
	objectVersion = 46;
	objects = {

/* Begin PBXBuildFile section */
		902C7FA51D43D61600DC4F89 /* AppDelegate.swift in Sources */ = {isa = PBXBuildFile; fileRef = 902C7FA41D43D61600DC4F89 /* AppDelegate.swift */; };
		902C7FA71D43D61600DC4F89 /* ViewController.swift in Sources */ = {isa = PBXBuildFile; fileRef = 902C7FA61D43D61600DC4F89 /* ViewController.swift */; };
		902C7FAA1D43D61600DC4F89 /* Main.storyboard in Resources */ = {isa = PBXBuildFile; fileRef = 902C7FA81D43D61600DC4F89 /* Main.storyboard */; };
		902C7FAC1D43D61700DC4F89 /* Assets.xcassets in Resources */ = {isa = PBXBuildFile; fileRef = 902C7FAB1D43D61700DC4F89 /* Assets.xcassets */; };
		902C7FAF1D43D61700DC4F89 /* LaunchScreen.storyboard in Resources */ = {isa = PBXBuildFile; fileRef = 902C7FAD1D43D61700DC4F89 /* LaunchScreen.storyboard */; };
		903BD5C31D4480460080A8FF /* DraggableView.m in Sources */ = {isa = PBXBuildFile; fileRef = 903BD5BC1D4480460080A8FF /* DraggableView.m */; };
		903BD5C41D4480460080A8FF /* DraggableViewBackground.m in Sources */ = {isa = PBXBuildFile; fileRef = 903BD5BE1D4480460080A8FF /* DraggableViewBackground.m */; };
		903BD5C51D4480460080A8FF /* Images.xcassets in Resources */ = {isa = PBXBuildFile; fileRef = 903BD5BF1D4480460080A8FF /* Images.xcassets */; };
		903BD5C61D4480460080A8FF /* OverlayView.m in Sources */ = {isa = PBXBuildFile; fileRef = 903BD5C21D4480460080A8FF /* OverlayView.m */; };
		90F32F471D449B7B008D7481 /* kid1.png in Resources */ = {isa = PBXBuildFile; fileRef = 90F32F411D449B7B008D7481 /* kid1.png */; };
		90F32F481D449B7B008D7481 /* kid2.png in Resources */ = {isa = PBXBuildFile; fileRef = 90F32F421D449B7B008D7481 /* kid2.png */; };
		90F32F491D449B7B008D7481 /* kid3.png in Resources */ = {isa = PBXBuildFile; fileRef = 90F32F431D449B7B008D7481 /* kid3.png */; };
		90F32F4A1D449B7B008D7481 /* kid4.png in Resources */ = {isa = PBXBuildFile; fileRef = 90F32F441D449B7B008D7481 /* kid4.png */; };
		90F32F4B1D449B7B008D7481 /* kid5.png in Resources */ = {isa = PBXBuildFile; fileRef = 90F32F451D449B7B008D7481 /* kid5.png */; };
		90F32F4C1D449B7B008D7481 /* kid6-yash.png in Resources */ = {isa = PBXBuildFile; fileRef = 90F32F461D449B7B008D7481 /* kid6-yash.png */; };
		90F32F621D449BE8008D7481 /* activity2.png in Resources */ = {isa = PBXBuildFile; fileRef = 90F32F4E1D449BE8008D7481 /* activity2.png */; };
		90F32F631D449BE8008D7481 /* activity2@2x.png in Resources */ = {isa = PBXBuildFile; fileRef = 90F32F4F1D449BE8008D7481 /* activity2@2x.png */; };
		90F32F641D449BE8008D7481 /* activity2@3x.png in Resources */ = {isa = PBXBuildFile; fileRef = 90F32F501D449BE8008D7481 /* activity2@3x.png */; };
		90F32F651D449BE8008D7481 /* activity3.png in Resources */ = {isa = PBXBuildFile; fileRef = 90F32F511D449BE8008D7481 /* activity3.png */; };
		90F32F661D449BE8008D7481 /* activity3@2x.png in Resources */ = {isa = PBXBuildFile; fileRef = 90F32F521D449BE8008D7481 /* activity3@2x.png */; };
		90F32F671D449BE8008D7481 /* activity3@3x.png in Resources */ = {isa = PBXBuildFile; fileRef = 90F32F531D449BE8008D7481 /* activity3@3x.png */; };
		90F32F681D449BE8008D7481 /* activity4.png in Resources */ = {isa = PBXBuildFile; fileRef = 90F32F541D449BE8008D7481 /* activity4.png */; };
		90F32F691D449BE8008D7481 /* activity4@2x.png in Resources */ = {isa = PBXBuildFile; fileRef = 90F32F551D449BE8008D7481 /* activity4@2x.png */; };
		90F32F6A1D449BE8008D7481 /* activity4@3x.png in Resources */ = {isa = PBXBuildFile; fileRef = 90F32F561D449BE8008D7481 /* activity4@3x.png */; };
		90F32F6B1D449BE8008D7481 /* Kids at Amusement Park.png in Resources */ = {isa = PBXBuildFile; fileRef = 90F32F571D449BE8008D7481 /* Kids at Amusement Park.png */; };
		90F32F6C1D449BE8008D7481 /* Kids at Amusement Park@2x.png in Resources */ = {isa = PBXBuildFile; fileRef = 90F32F581D449BE8008D7481 /* Kids at Amusement Park@2x.png */; };
		90F32F6D1D449BE8008D7481 /* Kids at Amusement Park@3x.png in Resources */ = {isa = PBXBuildFile; fileRef = 90F32F591D449BE8008D7481 /* Kids at Amusement Park@3x.png */; };
		90F32F6E1D449BE8008D7481 /* activity-selected.png in Resources */ = {isa = PBXBuildFile; fileRef = 90F32F5B1D449BE8008D7481 /* activity-selected.png */; };
		90F32F6F1D449BE8008D7481 /* activity-selected@2x.png in Resources */ = {isa = PBXBuildFile; fileRef = 90F32F5C1D449BE8008D7481 /* activity-selected@2x.png */; };
		90F32F701D449BE8008D7481 /* activity-selected@3x.png in Resources */ = {isa = PBXBuildFile; fileRef = 90F32F5D1D449BE8008D7481 /* activity-selected@3x.png */; };
		90F32F711D449BE8008D7481 /* friend-selected.png in Resources */ = {isa = PBXBuildFile; fileRef = 90F32F5F1D449BE8008D7481 /* friend-selected.png */; };
		90F32F721D449BE8008D7481 /* friend-selected@2x.png in Resources */ = {isa = PBXBuildFile; fileRef = 90F32F601D449BE8008D7481 /* friend-selected@2x.png */; };
		90F32F731D449BE8008D7481 /* friend-selected@3x.png in Resources */ = {isa = PBXBuildFile; fileRef = 90F32F611D449BE8008D7481 /* friend-selected@3x.png */; };
		90F32F751D453170008D7481 /* DatePickerVC.swift in Sources */ = {isa = PBXBuildFile; fileRef = 90F32F741D453170008D7481 /* DatePickerVC.swift */; };
		C31259DB1D4461480032B6A6 /* Arrow.png in Resources */ = {isa = PBXBuildFile; fileRef = C31259DA1D4461480032B6A6 /* Arrow.png */; };
/* End PBXBuildFile section */

/* Begin PBXFileReference section */
		902C7FA11D43D61600DC4F89 /* KidsPlay.app */ = {isa = PBXFileReference; explicitFileType = wrapper.application; includeInIndex = 0; path = KidsPlay.app; sourceTree = BUILT_PRODUCTS_DIR; };
		902C7FA41D43D61600DC4F89 /* AppDelegate.swift */ = {isa = PBXFileReference; lastKnownFileType = sourcecode.swift; path = AppDelegate.swift; sourceTree = "<group>"; };
		902C7FA61D43D61600DC4F89 /* ViewController.swift */ = {isa = PBXFileReference; lastKnownFileType = sourcecode.swift; path = ViewController.swift; sourceTree = "<group>"; };
		902C7FA91D43D61600DC4F89 /* Base */ = {isa = PBXFileReference; lastKnownFileType = file.storyboard; name = Base; path = Base.lproj/Main.storyboard; sourceTree = "<group>"; };
		902C7FAB1D43D61700DC4F89 /* Assets.xcassets */ = {isa = PBXFileReference; lastKnownFileType = folder.assetcatalog; path = Assets.xcassets; sourceTree = "<group>"; };
		902C7FAE1D43D61700DC4F89 /* Base */ = {isa = PBXFileReference; lastKnownFileType = file.storyboard; name = Base; path = Base.lproj/LaunchScreen.storyboard; sourceTree = "<group>"; };
		902C7FB01D43D61700DC4F89 /* Info.plist */ = {isa = PBXFileReference; lastKnownFileType = text.plist.xml; path = Info.plist; sourceTree = "<group>"; };
		903BD5BB1D4480460080A8FF /* DraggableView.h */ = {isa = PBXFileReference; fileEncoding = 4; lastKnownFileType = sourcecode.c.h; path = DraggableView.h; sourceTree = "<group>"; };
		903BD5BC1D4480460080A8FF /* DraggableView.m */ = {isa = PBXFileReference; fileEncoding = 4; lastKnownFileType = sourcecode.c.objc; path = DraggableView.m; sourceTree = "<group>"; };
		903BD5BD1D4480460080A8FF /* DraggableViewBackground.h */ = {isa = PBXFileReference; fileEncoding = 4; lastKnownFileType = sourcecode.c.h; path = DraggableViewBackground.h; sourceTree = "<group>"; };
		903BD5BE1D4480460080A8FF /* DraggableViewBackground.m */ = {isa = PBXFileReference; fileEncoding = 4; lastKnownFileType = sourcecode.c.objc; path = DraggableViewBackground.m; sourceTree = "<group>"; };
		903BD5BF1D4480460080A8FF /* Images.xcassets */ = {isa = PBXFileReference; lastKnownFileType = folder.assetcatalog; path = Images.xcassets; sourceTree = "<group>"; };
		903BD5C01D4480460080A8FF /* KidsPlay-Bridging-Header.h */ = {isa = PBXFileReference; fileEncoding = 4; lastKnownFileType = sourcecode.c.h; path = "KidsPlay-Bridging-Header.h"; sourceTree = "<group>"; };
		903BD5C11D4480460080A8FF /* OverlayView.h */ = {isa = PBXFileReference; fileEncoding = 4; lastKnownFileType = sourcecode.c.h; path = OverlayView.h; sourceTree = "<group>"; };
		903BD5C21D4480460080A8FF /* OverlayView.m */ = {isa = PBXFileReference; fileEncoding = 4; lastKnownFileType = sourcecode.c.objc; path = OverlayView.m; sourceTree = "<group>"; };
		90F32F411D449B7B008D7481 /* kid1.png */ = {isa = PBXFileReference; lastKnownFileType = image.png; path = kid1.png; sourceTree = "<group>"; };
		90F32F421D449B7B008D7481 /* kid2.png */ = {isa = PBXFileReference; lastKnownFileType = image.png; path = kid2.png; sourceTree = "<group>"; };
		90F32F431D449B7B008D7481 /* kid3.png */ = {isa = PBXFileReference; lastKnownFileType = image.png; path = kid3.png; sourceTree = "<group>"; };
		90F32F441D449B7B008D7481 /* kid4.png */ = {isa = PBXFileReference; lastKnownFileType = image.png; path = kid4.png; sourceTree = "<group>"; };
		90F32F451D449B7B008D7481 /* kid5.png */ = {isa = PBXFileReference; lastKnownFileType = image.png; path = kid5.png; sourceTree = "<group>"; };
		90F32F461D449B7B008D7481 /* kid6-yash.png */ = {isa = PBXFileReference; lastKnownFileType = image.png; path = "kid6-yash.png"; sourceTree = "<group>"; };
		90F32F4E1D449BE8008D7481 /* activity2.png */ = {isa = PBXFileReference; lastKnownFileType = image.png; path = activity2.png; sourceTree = "<group>"; };
		90F32F4F1D449BE8008D7481 /* activity2@2x.png */ = {isa = PBXFileReference; lastKnownFileType = image.png; path = "activity2@2x.png"; sourceTree = "<group>"; };
		90F32F501D449BE8008D7481 /* activity2@3x.png */ = {isa = PBXFileReference; lastKnownFileType = image.png; path = "activity2@3x.png"; sourceTree = "<group>"; };
		90F32F511D449BE8008D7481 /* activity3.png */ = {isa = PBXFileReference; lastKnownFileType = image.png; path = activity3.png; sourceTree = "<group>"; };
		90F32F521D449BE8008D7481 /* activity3@2x.png */ = {isa = PBXFileReference; lastKnownFileType = image.png; path = "activity3@2x.png"; sourceTree = "<group>"; };
		90F32F531D449BE8008D7481 /* activity3@3x.png */ = {isa = PBXFileReference; lastKnownFileType = image.png; path = "activity3@3x.png"; sourceTree = "<group>"; };
		90F32F541D449BE8008D7481 /* activity4.png */ = {isa = PBXFileReference; lastKnownFileType = image.png; path = activity4.png; sourceTree = "<group>"; };
		90F32F551D449BE8008D7481 /* activity4@2x.png */ = {isa = PBXFileReference; lastKnownFileType = image.png; path = "activity4@2x.png"; sourceTree = "<group>"; };
		90F32F561D449BE8008D7481 /* activity4@3x.png */ = {isa = PBXFileReference; lastKnownFileType = image.png; path = "activity4@3x.png"; sourceTree = "<group>"; };
		90F32F571D449BE8008D7481 /* Kids at Amusement Park.png */ = {isa = PBXFileReference; lastKnownFileType = image.png; path = "Kids at Amusement Park.png"; sourceTree = "<group>"; };
		90F32F581D449BE8008D7481 /* Kids at Amusement Park@2x.png */ = {isa = PBXFileReference; lastKnownFileType = image.png; path = "Kids at Amusement Park@2x.png"; sourceTree = "<group>"; };
		90F32F591D449BE8008D7481 /* Kids at Amusement Park@3x.png */ = {isa = PBXFileReference; lastKnownFileType = image.png; path = "Kids at Amusement Park@3x.png"; sourceTree = "<group>"; };
		90F32F5B1D449BE8008D7481 /* activity-selected.png */ = {isa = PBXFileReference; lastKnownFileType = image.png; path = "activity-selected.png"; sourceTree = "<group>"; };
		90F32F5C1D449BE8008D7481 /* activity-selected@2x.png */ = {isa = PBXFileReference; lastKnownFileType = image.png; path = "activity-selected@2x.png"; sourceTree = "<group>"; };
		90F32F5D1D449BE8008D7481 /* activity-selected@3x.png */ = {isa = PBXFileReference; lastKnownFileType = image.png; path = "activity-selected@3x.png"; sourceTree = "<group>"; };
		90F32F5F1D449BE8008D7481 /* friend-selected.png */ = {isa = PBXFileReference; lastKnownFileType = image.png; path = "friend-selected.png"; sourceTree = "<group>"; };
		90F32F601D449BE8008D7481 /* friend-selected@2x.png */ = {isa = PBXFileReference; lastKnownFileType = image.png; path = "friend-selected@2x.png"; sourceTree = "<group>"; };
		90F32F611D449BE8008D7481 /* friend-selected@3x.png */ = {isa = PBXFileReference; lastKnownFileType = image.png; path = "friend-selected@3x.png"; sourceTree = "<group>"; };
		90F32F741D453170008D7481 /* DatePickerVC.swift */ = {isa = PBXFileReference; fileEncoding = 4; lastKnownFileType = sourcecode.swift; path = DatePickerVC.swift; sourceTree = "<group>"; };
		C31259DA1D4461480032B6A6 /* Arrow.png */ = {isa = PBXFileReference; lastKnownFileType = image.png; path = Arrow.png; sourceTree = "<group>"; };
/* End PBXFileReference section */

/* Begin PBXFrameworksBuildPhase section */
		902C7F9E1D43D61600DC4F89 /* Frameworks */ = {
			isa = PBXFrameworksBuildPhase;
			buildActionMask = 2147483647;
			files = (
			);
			runOnlyForDeploymentPostprocessing = 0;
		};
/* End PBXFrameworksBuildPhase section */

/* Begin PBXGroup section */
		902C7F981D43D61600DC4F89 = {
			isa = PBXGroup;
			children = (
				902C7FA31D43D61600DC4F89 /* KidsPlay */,
				902C7FA21D43D61600DC4F89 /* Products */,
			);
			sourceTree = "<group>";
		};
		902C7FA21D43D61600DC4F89 /* Products */ = {
			isa = PBXGroup;
			children = (
				902C7FA11D43D61600DC4F89 /* KidsPlay.app */,
			);
			name = Products;
			sourceTree = "<group>";
		};
		902C7FA31D43D61600DC4F89 /* KidsPlay */ = {
			isa = PBXGroup;
			children = (
				903BD5C71D4480530080A8FF /* SwiperView */,
				902C7FA41D43D61600DC4F89 /* AppDelegate.swift */,
				902C7FA81D43D61600DC4F89 /* Main.storyboard */,
				902C7FAB1D43D61700DC4F89 /* Assets.xcassets */,
				90F32F4D1D449BE8008D7481 /* activities */,
				90F32F5A1D449BE8008D7481 /* activity-selected */,
				90F32F5E1D449BE8008D7481 /* friend-selected */,
				90F32F401D449B7B008D7481 /* kids-picture */,
				C31259DA1D4461480032B6A6 /* Arrow.png */,
				902C7FAD1D43D61700DC4F89 /* LaunchScreen.storyboard */,
				902C7FB01D43D61700DC4F89 /* Info.plist */,
			);
			path = KidsPlay;
			sourceTree = "<group>";
		};
		903BD5C71D4480530080A8FF /* SwiperView */ = {
			isa = PBXGroup;
			children = (
				903BD5BB1D4480460080A8FF /* DraggableView.h */,
				903BD5BC1D4480460080A8FF /* DraggableView.m */,
				903BD5BD1D4480460080A8FF /* DraggableViewBackground.h */,
				903BD5BE1D4480460080A8FF /* DraggableViewBackground.m */,
				903BD5BF1D4480460080A8FF /* Images.xcassets */,
				902C7FA61D43D61600DC4F89 /* ViewController.swift */,
				903BD5C01D4480460080A8FF /* KidsPlay-Bridging-Header.h */,
				903BD5C11D4480460080A8FF /* OverlayView.h */,
				903BD5C21D4480460080A8FF /* OverlayView.m */,
				90F32F741D453170008D7481 /* DatePickerVC.swift */,
			);
			name = SwiperView;
			sourceTree = "<group>";
		};
		90F32F401D449B7B008D7481 /* kids-picture */ = {
			isa = PBXGroup;
			children = (
				90F32F411D449B7B008D7481 /* kid1.png */,
				90F32F421D449B7B008D7481 /* kid2.png */,
				90F32F431D449B7B008D7481 /* kid3.png */,
				90F32F441D449B7B008D7481 /* kid4.png */,
				90F32F451D449B7B008D7481 /* kid5.png */,
				90F32F461D449B7B008D7481 /* kid6-yash.png */,
			);
			path = "kids-picture";
			sourceTree = "<group>";
		};
		90F32F4D1D449BE8008D7481 /* activities */ = {
			isa = PBXGroup;
			children = (
				90F32F4E1D449BE8008D7481 /* activity2.png */,
				90F32F4F1D449BE8008D7481 /* activity2@2x.png */,
				90F32F501D449BE8008D7481 /* activity2@3x.png */,
				90F32F511D449BE8008D7481 /* activity3.png */,
				90F32F521D449BE8008D7481 /* activity3@2x.png */,
				90F32F531D449BE8008D7481 /* activity3@3x.png */,
				90F32F541D449BE8008D7481 /* activity4.png */,
				90F32F551D449BE8008D7481 /* activity4@2x.png */,
				90F32F561D449BE8008D7481 /* activity4@3x.png */,
				90F32F571D449BE8008D7481 /* Kids at Amusement Park.png */,
				90F32F581D449BE8008D7481 /* Kids at Amusement Park@2x.png */,
				90F32F591D449BE8008D7481 /* Kids at Amusement Park@3x.png */,
			);
			path = activities;
			sourceTree = "<group>";
		};
		90F32F5A1D449BE8008D7481 /* activity-selected */ = {
			isa = PBXGroup;
			children = (
				90F32F5B1D449BE8008D7481 /* activity-selected.png */,
				90F32F5C1D449BE8008D7481 /* activity-selected@2x.png */,
				90F32F5D1D449BE8008D7481 /* activity-selected@3x.png */,
			);
			path = "activity-selected";
			sourceTree = "<group>";
		};
		90F32F5E1D449BE8008D7481 /* friend-selected */ = {
			isa = PBXGroup;
			children = (
				90F32F5F1D449BE8008D7481 /* friend-selected.png */,
				90F32F601D449BE8008D7481 /* friend-selected@2x.png */,
				90F32F611D449BE8008D7481 /* friend-selected@3x.png */,
			);
			path = "friend-selected";
			sourceTree = "<group>";
		};
/* End PBXGroup section */

/* Begin PBXNativeTarget section */
		902C7FA01D43D61600DC4F89 /* KidsPlay */ = {
			isa = PBXNativeTarget;
			buildConfigurationList = 902C7FB31D43D61700DC4F89 /* Build configuration list for PBXNativeTarget "KidsPlay" */;
			buildPhases = (
				902C7F9D1D43D61600DC4F89 /* Sources */,
				902C7F9E1D43D61600DC4F89 /* Frameworks */,
				902C7F9F1D43D61600DC4F89 /* Resources */,
			);
			buildRules = (
			);
			dependencies = (
			);
			name = KidsPlay;
			productName = KidsPlay;
			productReference = 902C7FA11D43D61600DC4F89 /* KidsPlay.app */;
			productType = "com.apple.product-type.application";
		};
/* End PBXNativeTarget section */

/* Begin PBXProject section */
		902C7F991D43D61600DC4F89 /* Project object */ = {
			isa = PBXProject;
			attributes = {
				LastSwiftUpdateCheck = 0730;
				LastUpgradeCheck = 0730;
				ORGANIZATIONNAME = NarayanProduction;
				TargetAttributes = {
					902C7FA01D43D61600DC4F89 = {
						CreatedOnToolsVersion = 7.3.1;
						DevelopmentTeam = G3KSP4Z87W;
					};
				};
			};
			buildConfigurationList = 902C7F9C1D43D61600DC4F89 /* Build configuration list for PBXProject "KidsPlay" */;
			compatibilityVersion = "Xcode 3.2";
			developmentRegion = English;
			hasScannedForEncodings = 0;
			knownRegions = (
				en,
				Base,
			);
			mainGroup = 902C7F981D43D61600DC4F89;
			productRefGroup = 902C7FA21D43D61600DC4F89 /* Products */;
			projectDirPath = "";
			projectRoot = "";
			targets = (
				902C7FA01D43D61600DC4F89 /* KidsPlay */,
			);
		};
/* End PBXProject section */

/* Begin PBXResourcesBuildPhase section */
		902C7F9F1D43D61600DC4F89 /* Resources */ = {
			isa = PBXResourcesBuildPhase;
			buildActionMask = 2147483647;
			files = (
				90F32F481D449B7B008D7481 /* kid2.png in Resources */,
				90F32F711D449BE8008D7481 /* friend-selected.png in Resources */,
				902C7FAF1D43D61700DC4F89 /* LaunchScreen.storyboard in Resources */,
				90F32F671D449BE8008D7481 /* activity3@3x.png in Resources */,
				90F32F4A1D449B7B008D7481 /* kid4.png in Resources */,
				90F32F621D449BE8008D7481 /* activity2.png in Resources */,
				90F32F701D449BE8008D7481 /* activity-selected@3x.png in Resources */,
				90F32F631D449BE8008D7481 /* activity2@2x.png in Resources */,
				903BD5C51D4480460080A8FF /* Images.xcassets in Resources */,
				90F32F6C1D449BE8008D7481 /* Kids at Amusement Park@2x.png in Resources */,
				90F32F731D449BE8008D7481 /* friend-selected@3x.png in Resources */,
				90F32F471D449B7B008D7481 /* kid1.png in Resources */,
				90F32F6D1D449BE8008D7481 /* Kids at Amusement Park@3x.png in Resources */,
				902C7FAC1D43D61700DC4F89 /* Assets.xcassets in Resources */,
				90F32F6E1D449BE8008D7481 /* activity-selected.png in Resources */,
				90F32F4B1D449B7B008D7481 /* kid5.png in Resources */,
				902C7FAA1D43D61600DC4F89 /* Main.storyboard in Resources */,
				90F32F6B1D449BE8008D7481 /* Kids at Amusement Park.png in Resources */,
				90F32F4C1D449B7B008D7481 /* kid6-yash.png in Resources */,
				90F32F491D449B7B008D7481 /* kid3.png in Resources */,
				90F32F651D449BE8008D7481 /* activity3.png in Resources */,
				90F32F6F1D449BE8008D7481 /* activity-selected@2x.png in Resources */,
				90F32F721D449BE8008D7481 /* friend-selected@2x.png in Resources */,
				90F32F691D449BE8008D7481 /* activity4@2x.png in Resources */,
				90F32F661D449BE8008D7481 /* activity3@2x.png in Resources */,
				90F32F681D449BE8008D7481 /* activity4.png in Resources */,
				C31259DB1D4461480032B6A6 /* Arrow.png in Resources */,
				90F32F641D449BE8008D7481 /* activity2@3x.png in Resources */,
				90F32F6A1D449BE8008D7481 /* activity4@3x.png in Resources */,
			);
			runOnlyForDeploymentPostprocessing = 0;
		};
/* End PBXResourcesBuildPhase section */

/* Begin PBXSourcesBuildPhase section */
		902C7F9D1D43D61600DC4F89 /* Sources */ = {
			isa = PBXSourcesBuildPhase;
			buildActionMask = 2147483647;
			files = (
				903BD5C41D4480460080A8FF /* DraggableViewBackground.m in Sources */,
				903BD5C61D4480460080A8FF /* OverlayView.m in Sources */,
				903BD5C31D4480460080A8FF /* DraggableView.m in Sources */,
				902C7FA71D43D61600DC4F89 /* ViewController.swift in Sources */,
				90F32F751D453170008D7481 /* DatePickerVC.swift in Sources */,
				902C7FA51D43D61600DC4F89 /* AppDelegate.swift in Sources */,
			);
			runOnlyForDeploymentPostprocessing = 0;
		};
/* End PBXSourcesBuildPhase section */

/* Begin PBXVariantGroup section */
		902C7FA81D43D61600DC4F89 /* Main.storyboard */ = {
			isa = PBXVariantGroup;
			children = (
				902C7FA91D43D61600DC4F89 /* Base */,
			);
			name = Main.storyboard;
			sourceTree = "<group>";
		};
		902C7FAD1D43D61700DC4F89 /* LaunchScreen.storyboard */ = {
			isa = PBXVariantGroup;
			children = (
				902C7FAE1D43D61700DC4F89 /* Base */,
			);
			name = LaunchScreen.storyboard;
			sourceTree = "<group>";
		};
/* End PBXVariantGroup section */

/* Begin XCBuildConfiguration section */
		902C7FB11D43D61700DC4F89 /* Debug */ = {
			isa = XCBuildConfiguration;
			buildSettings = {
				ALWAYS_SEARCH_USER_PATHS = NO;
				CLANG_ANALYZER_NONNULL = YES;
				CLANG_CXX_LANGUAGE_STANDARD = "gnu++0x";
				CLANG_CXX_LIBRARY = "libc++";
				CLANG_ENABLE_MODULES = YES;
				CLANG_ENABLE_OBJC_ARC = YES;
				CLANG_WARN_BOOL_CONVERSION = YES;
				CLANG_WARN_CONSTANT_CONVERSION = YES;
				CLANG_WARN_DIRECT_OBJC_ISA_USAGE = YES_ERROR;
				CLANG_WARN_EMPTY_BODY = YES;
				CLANG_WARN_ENUM_CONVERSION = YES;
				CLANG_WARN_INT_CONVERSION = YES;
				CLANG_WARN_OBJC_ROOT_CLASS = YES_ERROR;
				CLANG_WARN_UNREACHABLE_CODE = YES;
				CLANG_WARN__DUPLICATE_METHOD_MATCH = YES;
				"CODE_SIGN_IDENTITY[sdk=iphoneos*]" = "iPhone Developer";
				COPY_PHASE_STRIP = NO;
				DEBUG_INFORMATION_FORMAT = dwarf;
				ENABLE_STRICT_OBJC_MSGSEND = YES;
				ENABLE_TESTABILITY = YES;
				GCC_C_LANGUAGE_STANDARD = gnu99;
				GCC_DYNAMIC_NO_PIC = NO;
				GCC_NO_COMMON_BLOCKS = YES;
				GCC_OPTIMIZATION_LEVEL = 0;
				GCC_PREPROCESSOR_DEFINITIONS = (
					"DEBUG=1",
					"$(inherited)",
				);
				GCC_WARN_64_TO_32_BIT_CONVERSION = YES;
				GCC_WARN_ABOUT_RETURN_TYPE = YES_ERROR;
				GCC_WARN_UNDECLARED_SELECTOR = YES;
				GCC_WARN_UNINITIALIZED_AUTOS = YES_AGGRESSIVE;
				GCC_WARN_UNUSED_FUNCTION = YES;
				GCC_WARN_UNUSED_VARIABLE = YES;
				IPHONEOS_DEPLOYMENT_TARGET = 9.3;
				MTL_ENABLE_DEBUG_INFO = YES;
				ONLY_ACTIVE_ARCH = YES;
				SDKROOT = iphoneos;
				SWIFT_OPTIMIZATION_LEVEL = "-Onone";
			};
			name = Debug;
		};
		902C7FB21D43D61700DC4F89 /* Release */ = {
			isa = XCBuildConfiguration;
			buildSettings = {
				ALWAYS_SEARCH_USER_PATHS = NO;
				CLANG_ANALYZER_NONNULL = YES;
				CLANG_CXX_LANGUAGE_STANDARD = "gnu++0x";
				CLANG_CXX_LIBRARY = "libc++";
				CLANG_ENABLE_MODULES = YES;
				CLANG_ENABLE_OBJC_ARC = YES;
				CLANG_WARN_BOOL_CONVERSION = YES;
				CLANG_WARN_CONSTANT_CONVERSION = YES;
				CLANG_WARN_DIRECT_OBJC_ISA_USAGE = YES_ERROR;
				CLANG_WARN_EMPTY_BODY = YES;
				CLANG_WARN_ENUM_CONVERSION = YES;
				CLANG_WARN_INT_CONVERSION = YES;
				CLANG_WARN_OBJC_ROOT_CLASS = YES_ERROR;
				CLANG_WARN_UNREACHABLE_CODE = YES;
				CLANG_WARN__DUPLICATE_METHOD_MATCH = YES;
				"CODE_SIGN_IDENTITY[sdk=iphoneos*]" = "iPhone Developer";
				COPY_PHASE_STRIP = NO;
				DEBUG_INFORMATION_FORMAT = "dwarf-with-dsym";
				ENABLE_NS_ASSERTIONS = NO;
				ENABLE_STRICT_OBJC_MSGSEND = YES;
				GCC_C_LANGUAGE_STANDARD = gnu99;
				GCC_NO_COMMON_BLOCKS = YES;
				GCC_WARN_64_TO_32_BIT_CONVERSION = YES;
				GCC_WARN_ABOUT_RETURN_TYPE = YES_ERROR;
				GCC_WARN_UNDECLARED_SELECTOR = YES;
				GCC_WARN_UNINITIALIZED_AUTOS = YES_AGGRESSIVE;
				GCC_WARN_UNUSED_FUNCTION = YES;
				GCC_WARN_UNUSED_VARIABLE = YES;
				IPHONEOS_DEPLOYMENT_TARGET = 9.3;
				MTL_ENABLE_DEBUG_INFO = NO;
				SDKROOT = iphoneos;
				VALIDATE_PRODUCT = YES;
			};
			name = Release;
		};
		902C7FB41D43D61700DC4F89 /* Debug */ = {
			isa = XCBuildConfiguration;
			buildSettings = {
				ASSETCATALOG_COMPILER_APPICON_NAME = AppIcon;
				CLANG_ENABLE_MODULES = YES;
				CODE_SIGN_IDENTITY = "iPhone Developer";
				"CODE_SIGN_IDENTITY[sdk=iphoneos*]" = "iPhone Developer";
				INFOPLIST_FILE = KidsPlay/Info.plist;
				IPHONEOS_DEPLOYMENT_TARGET = 9.3;
				LD_RUNPATH_SEARCH_PATHS = "$(inherited) @executable_path/Frameworks";
				PRODUCT_BUNDLE_IDENTIFIER = com.NarayanProduction.KidsPlay;
				PRODUCT_NAME = "$(TARGET_NAME)";
				PROVISIONING_PROFILE = "";
				SWIFT_OBJC_BRIDGING_HEADER = "KidsPlay/KidsPlay-Bridging-Header.h";
				SWIFT_OPTIMIZATION_LEVEL = "-Onone";
				TARGETED_DEVICE_FAMILY = 1;
			};
			name = Debug;
		};
		902C7FB51D43D61700DC4F89 /* Release */ = {
			isa = XCBuildConfiguration;
			buildSettings = {
				ASSETCATALOG_COMPILER_APPICON_NAME = AppIcon;
				CLANG_ENABLE_MODULES = YES;
				CODE_SIGN_IDENTITY = "iPhone Developer";
				"CODE_SIGN_IDENTITY[sdk=iphoneos*]" = "iPhone Developer";
				INFOPLIST_FILE = KidsPlay/Info.plist;
				IPHONEOS_DEPLOYMENT_TARGET = 9.3;
				LD_RUNPATH_SEARCH_PATHS = "$(inherited) @executable_path/Frameworks";
				PRODUCT_BUNDLE_IDENTIFIER = com.NarayanProduction.KidsPlay;
				PRODUCT_NAME = "$(TARGET_NAME)";
				PROVISIONING_PROFILE = "";
				SWIFT_OBJC_BRIDGING_HEADER = "KidsPlay/KidsPlay-Bridging-Header.h";
				TARGETED_DEVICE_FAMILY = 1;
			};
			name = Release;
		};
/* End XCBuildConfiguration section */

/* Begin XCConfigurationList section */
		902C7F9C1D43D61600DC4F89 /* Build configuration list for PBXProject "KidsPlay" */ = {
			isa = XCConfigurationList;
			buildConfigurations = (
				902C7FB11D43D61700DC4F89 /* Debug */,
				902C7FB21D43D61700DC4F89 /* Release */,
			);
			defaultConfigurationIsVisible = 0;
			defaultConfigurationName = Release;
		};
		902C7FB31D43D61700DC4F89 /* Build configuration list for PBXNativeTarget "KidsPlay" */ = {
			isa = XCConfigurationList;
			buildConfigurations = (
				902C7FB41D43D61700DC4F89 /* Debug */,
				902C7FB51D43D61700DC4F89 /* Release */,
			);
			defaultConfigurationIsVisible = 0;
			defaultConfigurationName = Release;
		};
/* End XCConfigurationList section */
	};
	rootObject = 902C7F991D43D61600DC4F89 /* Project object */;
}
